
Microsoft Visual Studio Solution File, Format Version 12.00
# Visual Studio Version 17
VisualStudioVersion = 17.11.35208.52
MinimumVisualStudioVersion = 10.0.40219.1
Project("{FAE04EC0-301F-11D3-BF4B-00C04F79EFBC}") = "Stock Farm 2.0", "Stock Farm 2.0\Stock Farm 2.0.csproj", "{22E97385-7871-4D97-9881-6614209EBFAF}"
EndProject
Global
	GlobalSection(SolutionConfigurationPlatforms) = preSolution
		Debug|Any CPU = Debug|Any CPU
		Release|Any CPU = Release|Any CPU
	EndGlobalSection
	GlobalSection(ProjectConfigurationPlatforms) = postSolution
		{22E97385-7871-4D97-9881-6614209EBFAF}.Debug|Any CPU.ActiveCfg = Debug|Any CPU
		{22E97385-7871-4D97-9881-6614209EBFAF}.Debug|Any CPU.Build.0 = Debug|Any CPU
		{22E97385-7871-4D97-9881-6614209EBFAF}.Release|Any CPU.ActiveCfg = Release|Any CPU
		{22E97385-7871-4D97-9881-6614209EBFAF}.Release|Any CPU.Build.0 = Release|Any CPU
	EndGlobalSection
	GlobalSection(SolutionProperties) = preSolution
		HideSolutionNode = FALSE
	EndGlobalSection
	GlobalSection(ExtensibilityGlobals) = postSolution
		SolutionGuid = {92B02358-F0C5-4C29-B206-1E0D4497355A}
	EndGlobalSection
EndGlobal
